// !$*UTF8*$!
{
	archiveVersion = 1;
	classes = {
	};
	objectVersion = 46;
	objects = {

/* Begin PBXBuildFile section */
		FC6DBFD41B9F4343002B82EE /* AppDelegate.swift in Sources */ = {isa = PBXBuildFile; fileRef = FC6DBFD31B9F4343002B82EE /* AppDelegate.swift */; };
		FC6DBFD61B9F4343002B82EE /* ViewController.swift in Sources */ = {isa = PBXBuildFile; fileRef = FC6DBFD51B9F4343002B82EE /* ViewController.swift */; };
		FC6DBFD91B9F4343002B82EE /* Main.storyboard in Resources */ = {isa = PBXBuildFile; fileRef = FC6DBFD71B9F4343002B82EE /* Main.storyboard */; };
		FC6DBFDE1B9F4343002B82EE /* LaunchScreen.xib in Resources */ = {isa = PBXBuildFile; fileRef = FC6DBFDC1B9F4343002B82EE /* LaunchScreen.xib */; };
		FC6DBFEA1B9F4343002B82EE /* AppGeralTests.swift in Sources */ = {isa = PBXBuildFile; fileRef = FC6DBFE91B9F4343002B82EE /* AppGeralTests.swift */; };
		FC6DBFF71B9F4760002B82EE /* Fabric.framework in Frameworks */ = {isa = PBXBuildFile; fileRef = FC6DBFF51B9F4760002B82EE /* Fabric.framework */; };
		FC6DBFF81B9F4760002B82EE /* Crashlytics.framework in Frameworks */ = {isa = PBXBuildFile; fileRef = FC6DBFF61B9F4760002B82EE /* Crashlytics.framework */; };
		FCB2F5801BA05F240033FBA2 /* Images.xcassets in Resources */ = {isa = PBXBuildFile; fileRef = FCB2F57F1BA05F240033FBA2 /* Images.xcassets */; };
/* End PBXBuildFile section */

/* Begin PBXContainerItemProxy section */
		FC6DBFE41B9F4343002B82EE /* PBXContainerItemProxy */ = {
			isa = PBXContainerItemProxy;
			containerPortal = FC6DBFC61B9F4343002B82EE /* Project object */;
			proxyType = 1;
			remoteGlobalIDString = FC6DBFCD1B9F4343002B82EE;
			remoteInfo = AppGeral;
		};
/* End PBXContainerItemProxy section */

/* Begin PBXFileReference section */
		FC6DBFCE1B9F4343002B82EE /* AppGeral.app */ = {isa = PBXFileReference; explicitFileType = wrapper.application; includeInIndex = 0; path = AppGeral.app; sourceTree = BUILT_PRODUCTS_DIR; };
		FC6DBFD21B9F4343002B82EE /* Info.plist */ = {isa = PBXFileReference; lastKnownFileType = text.plist.xml; path = Info.plist; sourceTree = "<group>"; };
		FC6DBFD31B9F4343002B82EE /* AppDelegate.swift */ = {isa = PBXFileReference; lastKnownFileType = sourcecode.swift; path = AppDelegate.swift; sourceTree = "<group>"; };
		FC6DBFD51B9F4343002B82EE /* ViewController.swift */ = {isa = PBXFileReference; lastKnownFileType = sourcecode.swift; path = ViewController.swift; sourceTree = "<group>"; };
		FC6DBFD81B9F4343002B82EE /* Base */ = {isa = PBXFileReference; lastKnownFileType = file.storyboard; name = Base; path = Base.lproj/Main.storyboard; sourceTree = "<group>"; };
		FC6DBFDD1B9F4343002B82EE /* Base */ = {isa = PBXFileReference; lastKnownFileType = file.xib; name = Base; path = Base.lproj/LaunchScreen.xib; sourceTree = "<group>"; };
		FC6DBFE31B9F4343002B82EE /* AppGeralTests.xctest */ = {isa = PBXFileReference; explicitFileType = wrapper.cfbundle; includeInIndex = 0; path = AppGeralTests.xctest; sourceTree = BUILT_PRODUCTS_DIR; };
		FC6DBFE81B9F4343002B82EE /* Info.plist */ = {isa = PBXFileReference; lastKnownFileType = text.plist.xml; path = Info.plist; sourceTree = "<group>"; };
		FC6DBFE91B9F4343002B82EE /* AppGeralTests.swift */ = {isa = PBXFileReference; lastKnownFileType = sourcecode.swift; path = AppGeralTests.swift; sourceTree = "<group>"; };
		FC6DBFF51B9F4760002B82EE /* Fabric.framework */ = {isa = PBXFileReference; lastKnownFileType = wrapper.framework; path = Fabric.framework; sourceTree = "<group>"; };
		FC6DBFF61B9F4760002B82EE /* Crashlytics.framework */ = {isa = PBXFileReference; lastKnownFileType = wrapper.framework; path = Crashlytics.framework; sourceTree = "<group>"; };
		FCB2F57F1BA05F240033FBA2 /* Images.xcassets */ = {isa = PBXFileReference; lastKnownFileType = folder.assetcatalog; path = Images.xcassets; sourceTree = "<group>"; };
/* End PBXFileReference section */

/* Begin PBXFrameworksBuildPhase section */
		FC6DBFCB1B9F4343002B82EE /* Frameworks */ = {
			isa = PBXFrameworksBuildPhase;
			buildActionMask = 2147483647;
			files = (
				FC6DBFF81B9F4760002B82EE /* Crashlytics.framework in Frameworks */,
				FC6DBFF71B9F4760002B82EE /* Fabric.framework in Frameworks */,
			);
			runOnlyForDeploymentPostprocessing = 0;
		};
		FC6DBFE01B9F4343002B82EE /* Frameworks */ = {
			isa = PBXFrameworksBuildPhase;
			buildActionMask = 2147483647;
			files = (
			);
			runOnlyForDeploymentPostprocessing = 0;
		};
/* End PBXFrameworksBuildPhase section */

/* Begin PBXGroup section */
		FC6DBFC51B9F4343002B82EE = {
			isa = PBXGroup;
			children = (
				FC6DBFD01B9F4343002B82EE /* AppGeral */,
				FC6DBFE61B9F4343002B82EE /* AppGeralTests */,
				FC6DBFCF1B9F4343002B82EE /* Products */,
				FC6DBFF51B9F4760002B82EE /* Fabric.framework */,
				FC6DBFF61B9F4760002B82EE /* Crashlytics.framework */,
			);
			sourceTree = "<group>";
		};
		FC6DBFCF1B9F4343002B82EE /* Products */ = {
			isa = PBXGroup;
			children = (
				FC6DBFCE1B9F4343002B82EE /* AppGeral.app */,
				FC6DBFE31B9F4343002B82EE /* AppGeralTests.xctest */,
			);
			name = Products;
			sourceTree = "<group>";
		};
		FC6DBFD01B9F4343002B82EE /* AppGeral */ = {
			isa = PBXGroup;
			children = (
				FC6DBFD31B9F4343002B82EE /* AppDelegate.swift */,
				FC6DBFD51B9F4343002B82EE /* ViewController.swift */,
				FC6DBFD71B9F4343002B82EE /* Main.storyboard */,
				FCB2F57F1BA05F240033FBA2 /* Images.xcassets */,
				FC6DBFDC1B9F4343002B82EE /* LaunchScreen.xib */,
				FC6DBFD11B9F4343002B82EE /* Supporting Files */,
			);
			path = AppGeral;
			sourceTree = "<group>";
		};
		FC6DBFD11B9F4343002B82EE /* Supporting Files */ = {
			isa = PBXGroup;
			children = (
				FC6DBFD21B9F4343002B82EE /* Info.plist */,
			);
			name = "Supporting Files";
			sourceTree = "<group>";
		};
		FC6DBFE61B9F4343002B82EE /* AppGeralTests */ = {
			isa = PBXGroup;
			children = (
				FC6DBFE91B9F4343002B82EE /* AppGeralTests.swift */,
				FC6DBFE71B9F4343002B82EE /* Supporting Files */,
			);
			path = AppGeralTests;
			sourceTree = "<group>";
		};
		FC6DBFE71B9F4343002B82EE /* Supporting Files */ = {
			isa = PBXGroup;
			children = (
				FC6DBFE81B9F4343002B82EE /* Info.plist */,
			);
			name = "Supporting Files";
			sourceTree = "<group>";
		};
/* End PBXGroup section */

/* Begin PBXNativeTarget section */
		FC6DBFCD1B9F4343002B82EE /* AppGeral */ = {
			isa = PBXNativeTarget;
			buildConfigurationList = FC6DBFED1B9F4343002B82EE /* Build configuration list for PBXNativeTarget "AppGeral" */;
			buildPhases = (
				FC6DBFCA1B9F4343002B82EE /* Sources */,
				FC6DBFCB1B9F4343002B82EE /* Frameworks */,
				FC6DBFCC1B9F4343002B82EE /* Resources */,
				FC6DBFF41B9F4708002B82EE /* Fabric */,
			);
			buildRules = (
			);
			dependencies = (
			);
			name = AppGeral;
			productName = AppGeral;
			productReference = FC6DBFCE1B9F4343002B82EE /* AppGeral.app */;
			productType = "com.apple.product-type.application";
		};
		FC6DBFE21B9F4343002B82EE /* AppGeralTests */ = {
			isa = PBXNativeTarget;
			buildConfigurationList = FC6DBFF01B9F4343002B82EE /* Build configuration list for PBXNativeTarget "AppGeralTests" */;
			buildPhases = (
				FC6DBFDF1B9F4343002B82EE /* Sources */,
				FC6DBFE01B9F4343002B82EE /* Frameworks */,
				FC6DBFE11B9F4343002B82EE /* Resources */,
			);
			buildRules = (
			);
			dependencies = (
				FC6DBFE51B9F4343002B82EE /* PBXTargetDependency */,
			);
			name = AppGeralTests;
			productName = AppGeralTests;
			productReference = FC6DBFE31B9F4343002B82EE /* AppGeralTests.xctest */;
			productType = "com.apple.product-type.bundle.unit-test";
		};
/* End PBXNativeTarget section */

/* Begin PBXProject section */
		FC6DBFC61B9F4343002B82EE /* Project object */ = {
			isa = PBXProject;
			attributes = {
				LastUpgradeCheck = 0640;
				ORGANIZATIONNAME = "Corpo na Medida";
				TargetAttributes = {
					FC6DBFCD1B9F4343002B82EE = {
						CreatedOnToolsVersion = 6.4;
						DevelopmentTeam = L9GVY7R4LC;
					};
					FC6DBFE21B9F4343002B82EE = {
						CreatedOnToolsVersion = 6.4;
						TestTargetID = FC6DBFCD1B9F4343002B82EE;
					};
				};
			};
			buildConfigurationList = FC6DBFC91B9F4343002B82EE /* Build configuration list for PBXProject "AppGeral" */;
			compatibilityVersion = "Xcode 3.2";
			developmentRegion = English;
			hasScannedForEncodings = 0;
			knownRegions = (
				en,
				Base,
			);
			mainGroup = FC6DBFC51B9F4343002B82EE;
			productRefGroup = FC6DBFCF1B9F4343002B82EE /* Products */;
			projectDirPath = "";
			projectRoot = "";
			targets = (
				FC6DBFCD1B9F4343002B82EE /* AppGeral */,
				FC6DBFE21B9F4343002B82EE /* AppGeralTests */,
			);
		};
/* End PBXProject section */

/* Begin PBXResourcesBuildPhase section */
		FC6DBFCC1B9F4343002B82EE /* Resources */ = {
			isa = PBXResourcesBuildPhase;
			buildActionMask = 2147483647;
			files = (
				FC6DBFD91B9F4343002B82EE /* Main.storyboard in Resources */,
				FC6DBFDE1B9F4343002B82EE /* LaunchScreen.xib in Resources */,
				FCB2F5801BA05F240033FBA2 /* Images.xcassets in Resources */,
			);
			runOnlyForDeploymentPostprocessing = 0;
		};
		FC6DBFE11B9F4343002B82EE /* Resources */ = {
			isa = PBXResourcesBuildPhase;
			buildActionMask = 2147483647;
			files = (
			);
			runOnlyForDeploymentPostprocessing = 0;
		};
/* End PBXResourcesBuildPhase section */

/* Begin PBXShellScriptBuildPhase section */
		FC6DBFF41B9F4708002B82EE /* Fabric */ = {
			isa = PBXShellScriptBuildPhase;
			buildActionMask = 2147483647;
			files = (
			);
			inputPaths = (
			);
			name = Fabric;
			outputPaths = (
			);
			runOnlyForDeploymentPostprocessing = 0;
			shellPath = /bin/sh;
			shellScript = "./Fabric.framework/run 6e366ae82131f1d2fc217bfbdb21e32f000e665c 402c10252cae1752f722ece63e49531675d2d4bf5aa2ca8b4d311c69ed940280";
		};
/* End PBXShellScriptBuildPhase section */

/* Begin PBXSourcesBuildPhase section */
		FC6DBFCA1B9F4343002B82EE /* Sources */ = {
			isa = PBXSourcesBuildPhase;
			buildActionMask = 2147483647;
			files = (
				FC6DBFD61B9F4343002B82EE /* ViewController.swift in Sources */,
				FC6DBFD41B9F4343002B82EE /* AppDelegate.swift in Sources */,
			);
			runOnlyForDeploymentPostprocessing = 0;
		};
		FC6DBFDF1B9F4343002B82EE /* Sources */ = {
			isa = PBXSourcesBuildPhase;
			buildActionMask = 2147483647;
			files = (
				FC6DBFEA1B9F4343002B82EE /* AppGeralTests.swift in Sources */,
			);
			runOnlyForDeploymentPostprocessing = 0;
		};
/* End PBXSourcesBuildPhase section */

/* Begin PBXTargetDependency section */
		FC6DBFE51B9F4343002B82EE /* PBXTargetDependency */ = {
			isa = PBXTargetDependency;
			target = FC6DBFCD1B9F4343002B82EE /* AppGeral */;
			targetProxy = FC6DBFE41B9F4343002B82EE /* PBXContainerItemProxy */;
		};
/* End PBXTargetDependency section */

/* Begin PBXVariantGroup section */
		FC6DBFD71B9F4343002B82EE /* Main.storyboard */ = {
			isa = PBXVariantGroup;
			children = (
				FC6DBFD81B9F4343002B82EE /* Base */,
			);
			name = Main.storyboard;
			sourceTree = "<group>";
		};
		FC6DBFDC1B9F4343002B82EE /* LaunchScreen.xib */ = {
			isa = PBXVariantGroup;
			children = (
				FC6DBFDD1B9F4343002B82EE /* Base */,
			);
			name = LaunchScreen.xib;
			sourceTree = "<group>";
		};
/* End PBXVariantGroup section */

/* Begin XCBuildConfiguration section */
		FC6DBFEB1B9F4343002B82EE /* Debug */ = {
			isa = XCBuildConfiguration;
			buildSettings = {
				ALWAYS_SEARCH_USER_PATHS = NO;
				CLANG_CXX_LANGUAGE_STANDARD = "gnu++0x";
				CLANG_CXX_LIBRARY = "libc++";
				CLANG_ENABLE_MODULES = YES;
				CLANG_ENABLE_OBJC_ARC = YES;
				CLANG_WARN_BOOL_CONVERSION = YES;
				CLANG_WARN_CONSTANT_CONVERSION = YES;
				CLANG_WARN_DIRECT_OBJC_ISA_USAGE = YES_ERROR;
				CLANG_WARN_EMPTY_BODY = YES;
				CLANG_WARN_ENUM_CONVERSION = YES;
				CLANG_WARN_INT_CONVERSION = YES;
				CLANG_WARN_OBJC_ROOT_CLASS = YES_ERROR;
				CLANG_WARN_UNREACHABLE_CODE = YES;
				CLANG_WARN__DUPLICATE_METHOD_MATCH = YES;
				"CODE_SIGN_IDENTITY[sdk=iphoneos*]" = "iPhone Developer";
				COPY_PHASE_STRIP = NO;
				DEBUG_INFORMATION_FORMAT = "dwarf-with-dsym";
				ENABLE_STRICT_OBJC_MSGSEND = YES;
				GCC_C_LANGUAGE_STANDARD = gnu99;
				GCC_DYNAMIC_NO_PIC = NO;
				GCC_NO_COMMON_BLOCKS = YES;
				GCC_OPTIMIZATION_LEVEL = 0;
				GCC_PREPROCESSOR_DEFINITIONS = (
					"DEBUG=1",
					"$(inherited)",
				);
				GCC_SYMBOLS_PRIVATE_EXTERN = NO;
				GCC_WARN_64_TO_32_BIT_CONVERSION = YES;
				GCC_WARN_ABOUT_RETURN_TYPE = YES_ERROR;
				GCC_WARN_UNDECLARED_SELECTOR = YES;
				GCC_WARN_UNINITIALIZED_AUTOS = YES_AGGRESSIVE;
				GCC_WARN_UNUSED_FUNCTION = YES;
				GCC_WARN_UNUSED_VARIABLE = YES;
				IPHONEOS_DEPLOYMENT_TARGET = 8.4;
				MTL_ENABLE_DEBUG_INFO = YES;
				ONLY_ACTIVE_ARCH = YES;
				SDKROOT = iphoneos;
				SWIFT_OPTIMIZATION_LEVEL = "-Onone";
				TARGETED_DEVICE_FAMILY = "1,2";
			};
			name = Debug;
		};
		FC6DBFEC1B9F4343002B82EE /* Release */ = {
			isa = XCBuildConfiguration;
			buildSettings = {
				ALWAYS_SEARCH_USER_PATHS = NO;
				CLANG_CXX_LANGUAGE_STANDARD = "gnu++0x";
				CLANG_CXX_LIBRARY = "libc++";
				CLANG_ENABLE_MODULES = YES;
				CLANG_ENABLE_OBJC_ARC = YES;
				CLANG_WARN_BOOL_CONVERSION = YES;
				CLANG_WARN_CONSTANT_CONVERSION = YES;
				CLANG_WARN_DIRECT_OBJC_ISA_USAGE = YES_ERROR;
				CLANG_WARN_EMPTY_BODY = YES;
				CLANG_WARN_ENUM_CONVERSION = YES;
				CLANG_WARN_INT_CONVERSION = YES;
				CLANG_WARN_OBJC_ROOT_CLASS = YES_ERROR;
				CLANG_WARN_UNREACHABLE_CODE = YES;
				CLANG_WARN__DUPLICATE_METHOD_MATCH = YES;
				"CODE_SIGN_IDENTITY[sdk=iphoneos*]" = "iPhone Developer";
				COPY_PHASE_STRIP = NO;
				DEBUG_INFORMATION_FORMAT = "dwarf-with-dsym";
				ENABLE_NS_ASSERTIONS = NO;
				ENABLE_STRICT_OBJC_MSGSEND = YES;
				GCC_C_LANGUAGE_STANDARD = gnu99;
				GCC_NO_COMMON_BLOCKS = YES;
				GCC_WARN_64_TO_32_BIT_CONVERSION = YES;
				GCC_WARN_ABOUT_RETURN_TYPE = YES_ERROR;
				GCC_WARN_UNDECLARED_SELECTOR = YES;
				GCC_WARN_UNINITIALIZED_AUTOS = YES_AGGRESSIVE;
				GCC_WARN_UNUSED_FUNCTION = YES;
				GCC_WARN_UNUSED_VARIABLE = YES;
				IPHONEOS_DEPLOYMENT_TARGET = 8.4;
				MTL_ENABLE_DEBUG_INFO = NO;
				SDKROOT = iphoneos;
				TARGETED_DEVICE_FAMILY = "1,2";
				VALIDATE_PRODUCT = YES;
			};
			name = Release;
		};
		FC6DBFEE1B9F4343002B82EE /* Debug */ = {
			isa = XCBuildConfiguration;
			buildSettings = {
				ASSETCATALOG_COMPILER_APPICON_NAME = AppIcon;
				CODE_SIGN_IDENTITY = "iPhone Developer";
				CURRENT_PROJECT_VERSION = 150912145827;
				FRAMEWORK_SEARCH_PATHS = (
					"$(inherited)",
					"$(PROJECT_DIR)",
				);
				INFOPLIST_FILE = AppGeral/Info.plist;
				LD_RUNPATH_SEARCH_PATHS = "$(inherited) @executable_path/Frameworks";
				PRODUCT_NAME = "$(TARGET_NAME)";
				PROVISIONING_PROFILE = "$(PROFILE_UDID)";
				TARGETED_DEVICE_FAMILY = 1;
				VERSIONING_SYSTEM = "apple-generic";
			};
			name = Debug;
		};
		FC6DBFEF1B9F4343002B82EE /* Release */ = {
			isa = XCBuildConfiguration;
			buildSettings = {
				ASSETCATALOG_COMPILER_APPICON_NAME = AppIcon;
				CODE_SIGN_IDENTITY = "iPhone Distribution";
				CURRENT_PROJECT_VERSION = 150912145827;
				FRAMEWORK_SEARCH_PATHS = (
					"$(inherited)",
					"$(PROJECT_DIR)",
				);
				INFOPLIST_FILE = AppGeral/Info.plist;
				LD_RUNPATH_SEARCH_PATHS = "$(inherited) @executable_path/Frameworks";
				PRODUCT_NAME = "$(TARGET_NAME)";
				PROVISIONING_PROFILE = "$(PROFILE_UDID)";
				TARGETED_DEVICE_FAMILY = 1;
				VERSIONING_SYSTEM = "apple-generic";
			};
			name = Release;
		};
		FC6DBFF11B9F4343002B82EE /* Debug */ = {
			isa = XCBuildConfiguration;
			buildSettings = {
				BUNDLE_LOADER = "$(TEST_HOST)";
				FRAMEWORK_SEARCH_PATHS = (
					"$(SDKROOT)/Developer/Library/Frameworks",
					"$(inherited)",
				);
				GCC_PREPROCESSOR_DEFINITIONS = (
					"DEBUG=1",
					"$(inherited)",
				);
				INFOPLIST_FILE = AppGeralTests/Info.plist;
				LD_RUNPATH_SEARCH_PATHS = "$(inherited) @executable_path/Frameworks @loader_path/Frameworks";
				PRODUCT_NAME = "$(TARGET_NAME)";
				TEST_HOST = "$(BUILT_PRODUCTS_DIR)/AppGeral.app/AppGeral";
			};
			name = Debug;
		};
		FC6DBFF21B9F4343002B82EE /* Release */ = {
			isa = XCBuildConfiguration;
			buildSettings = {
				BUNDLE_LOADER = "$(TEST_HOST)";
				FRAMEWORK_SEARCH_PATHS = (
					"$(SDKROOT)/Developer/Library/Frameworks",
					"$(inherited)",
				);
				INFOPLIST_FILE = AppGeralTests/Info.plist;
				LD_RUNPATH_SEARCH_PATHS = "$(inherited) @executable_path/Frameworks @loader_path/Frameworks";
				PRODUCT_NAME = "$(TARGET_NAME)";
				TEST_HOST = "$(BUILT_PRODUCTS_DIR)/AppGeral.app/AppGeral";
			};
			name = Release;
		};
/* End XCBuildConfiguration section */

/* Begin XCConfigurationList section */
		FC6DBFC91B9F4343002B82EE /* Build configuration list for PBXProject "AppGeral" */ = {
			isa = XCConfigurationList;
			buildConfigurations = (
				FC6DBFEB1B9F4343002B82EE /* Debug */,
				FC6DBFEC1B9F4343002B82EE /* Release */,
			);
			defaultConfigurationIsVisible = 0;
			defaultConfigurationName = Release;
		};
		FC6DBFED1B9F4343002B82EE /* Build configuration list for PBXNativeTarget "AppGeral" */ = {
			isa = XCConfigurationList;
			buildConfigurations = (
				FC6DBFEE1B9F4343002B82EE /* Debug */,
				FC6DBFEF1B9F4343002B82EE /* Release */,
			);
			defaultConfigurationIsVisible = 0;
			defaultConfigurationName = Release;
		};
		FC6DBFF01B9F4343002B82EE /* Build configuration list for PBXNativeTarget "AppGeralTests" */ = {
			isa = XCConfigurationList;
			buildConfigurations = (
				FC6DBFF11B9F4343002B82EE /* Debug */,
				FC6DBFF21B9F4343002B82EE /* Release */,
			);
			defaultConfigurationIsVisible = 0;
			defaultConfigurationName = Release;
		};
/* End XCConfigurationList section */
	};
	rootObject = FC6DBFC61B9F4343002B82EE /* Project object */;
}
